// !$*UTF8*$!
{
	archiveVersion = 1;
	classes = {
	};
	objectVersion = 50;
	objects = {

/* Begin PBXBuildFile section */
		227E140D25199BB200736F87 /* CollectionCell.swift in Sources */ = {isa = PBXBuildFile; fileRef = 227E140C25199BB200736F87 /* CollectionCell.swift */; };
		22935E282518AAB90001C7A4 /* AppDelegate.swift in Sources */ = {isa = PBXBuildFile; fileRef = 22935E272518AAB90001C7A4 /* AppDelegate.swift */; };
		22935E2A2518AAB90001C7A4 /* SceneDelegate.swift in Sources */ = {isa = PBXBuildFile; fileRef = 22935E292518AAB90001C7A4 /* SceneDelegate.swift */; };
		22935E2C2518AAB90001C7A4 /* ViewController.swift in Sources */ = {isa = PBXBuildFile; fileRef = 22935E2B2518AAB90001C7A4 /* ViewController.swift */; };
		22935E2F2518AAB90001C7A4 /* Main.storyboard in Resources */ = {isa = PBXBuildFile; fileRef = 22935E2D2518AAB90001C7A4 /* Main.storyboard */; };
		22935E312518AAB90001C7A4 /* Assets.xcassets in Resources */ = {isa = PBXBuildFile; fileRef = 22935E302518AAB90001C7A4 /* Assets.xcassets */; };
		22935E342518AAB90001C7A4 /* LaunchScreen.storyboard in Resources */ = {isa = PBXBuildFile; fileRef = 22935E322518AAB90001C7A4 /* LaunchScreen.storyboard */; };
		22935E3F2518AABA0001C7A4 /* CollectionViewTests.swift in Sources */ = {isa = PBXBuildFile; fileRef = 22935E3E2518AABA0001C7A4 /* CollectionViewTests.swift */; };
		22935E4A2518AABA0001C7A4 /* CollectionViewUITests.swift in Sources */ = {isa = PBXBuildFile; fileRef = 22935E492518AABA0001C7A4 /* CollectionViewUITests.swift */; };
/* End PBXBuildFile section */

/* Begin PBXContainerItemProxy section */
		22935E3B2518AABA0001C7A4 /* PBXContainerItemProxy */ = {
			isa = PBXContainerItemProxy;
			containerPortal = 22935E1C2518AAB90001C7A4 /* Project object */;
			proxyType = 1;
			remoteGlobalIDString = 22935E232518AAB90001C7A4;
			remoteInfo = CollectionView;
		};
		22935E462518AABA0001C7A4 /* PBXContainerItemProxy */ = {
			isa = PBXContainerItemProxy;
			containerPortal = 22935E1C2518AAB90001C7A4 /* Project object */;
			proxyType = 1;
			remoteGlobalIDString = 22935E232518AAB90001C7A4;
			remoteInfo = CollectionView;
		};
/* End PBXContainerItemProxy section */

/* Begin PBXFileReference section */
		227E140C25199BB200736F87 /* CollectionCell.swift */ = {isa = PBXFileReference; lastKnownFileType = sourcecode.swift; path = CollectionCell.swift; sourceTree = "<group>"; };
		22935E242518AAB90001C7A4 /* CollectionView.app */ = {isa = PBXFileReference; explicitFileType = wrapper.application; includeInIndex = 0; path = CollectionView.app; sourceTree = BUILT_PRODUCTS_DIR; };
		22935E272518AAB90001C7A4 /* AppDelegate.swift */ = {isa = PBXFileReference; lastKnownFileType = sourcecode.swift; path = AppDelegate.swift; sourceTree = "<group>"; };
		22935E292518AAB90001C7A4 /* SceneDelegate.swift */ = {isa = PBXFileReference; lastKnownFileType = sourcecode.swift; path = SceneDelegate.swift; sourceTree = "<group>"; };
		22935E2B2518AAB90001C7A4 /* ViewController.swift */ = {isa = PBXFileReference; lastKnownFileType = sourcecode.swift; path = ViewController.swift; sourceTree = "<group>"; };
		22935E2E2518AAB90001C7A4 /* Base */ = {isa = PBXFileReference; lastKnownFileType = file.storyboard; name = Base; path = Base.lproj/Main.storyboard; sourceTree = "<group>"; };
		22935E302518AAB90001C7A4 /* Assets.xcassets */ = {isa = PBXFileReference; lastKnownFileType = folder.assetcatalog; path = Assets.xcassets; sourceTree = "<group>"; };
		22935E332518AAB90001C7A4 /* Base */ = {isa = PBXFileReference; lastKnownFileType = file.storyboard; name = Base; path = Base.lproj/LaunchScreen.storyboard; sourceTree = "<group>"; };
		22935E352518AAB90001C7A4 /* Info.plist */ = {isa = PBXFileReference; lastKnownFileType = text.plist.xml; path = Info.plist; sourceTree = "<group>"; };
		22935E3A2518AABA0001C7A4 /* CollectionViewTests.xctest */ = {isa = PBXFileReference; explicitFileType = wrapper.cfbundle; includeInIndex = 0; path = CollectionViewTests.xctest; sourceTree = BUILT_PRODUCTS_DIR; };
		22935E3E2518AABA0001C7A4 /* CollectionViewTests.swift */ = {isa = PBXFileReference; lastKnownFileType = sourcecode.swift; path = CollectionViewTests.swift; sourceTree = "<group>"; };
		22935E402518AABA0001C7A4 /* Info.plist */ = {isa = PBXFileReference; lastKnownFileType = text.plist.xml; path = Info.plist; sourceTree = "<group>"; };
		22935E452518AABA0001C7A4 /* CollectionViewUITests.xctest */ = {isa = PBXFileReference; explicitFileType = wrapper.cfbundle; includeInIndex = 0; path = CollectionViewUITests.xctest; sourceTree = BUILT_PRODUCTS_DIR; };
		22935E492518AABA0001C7A4 /* CollectionViewUITests.swift */ = {isa = PBXFileReference; lastKnownFileType = sourcecode.swift; path = CollectionViewUITests.swift; sourceTree = "<group>"; };
		22935E4B2518AABA0001C7A4 /* Info.plist */ = {isa = PBXFileReference; lastKnownFileType = text.plist.xml; path = Info.plist; sourceTree = "<group>"; };
/* End PBXFileReference section */

/* Begin PBXFrameworksBuildPhase section */
		22935E212518AAB90001C7A4 /* Frameworks */ = {
			isa = PBXFrameworksBuildPhase;
			buildActionMask = 2147483647;
			files = (
			);
			runOnlyForDeploymentPostprocessing = 0;
		};
		22935E372518AABA0001C7A4 /* Frameworks */ = {
			isa = PBXFrameworksBuildPhase;
			buildActionMask = 2147483647;
			files = (
			);
			runOnlyForDeploymentPostprocessing = 0;
		};
		22935E422518AABA0001C7A4 /* Frameworks */ = {
			isa = PBXFrameworksBuildPhase;
			buildActionMask = 2147483647;
			files = (
			);
			runOnlyForDeploymentPostprocessing = 0;
		};
/* End PBXFrameworksBuildPhase section */

/* Begin PBXGroup section */
		22935E1B2518AAB90001C7A4 = {
			isa = PBXGroup;
			children = (
				22935E262518AAB90001C7A4 /* CollectionView */,
				22935E3D2518AABA0001C7A4 /* CollectionViewTests */,
				22935E482518AABA0001C7A4 /* CollectionViewUITests */,
				22935E252518AAB90001C7A4 /* Products */,
			);
			sourceTree = "<group>";
		};
		22935E252518AAB90001C7A4 /* Products */ = {
			isa = PBXGroup;
			children = (
				22935E242518AAB90001C7A4 /* CollectionView.app */,
				22935E3A2518AABA0001C7A4 /* CollectionViewTests.xctest */,
				22935E452518AABA0001C7A4 /* CollectionViewUITests.xctest */,
			);
			name = Products;
			sourceTree = "<group>";
		};
		22935E262518AAB90001C7A4 /* CollectionView */ = {
			isa = PBXGroup;
			children = (
				22935E272518AAB90001C7A4 /* AppDelegate.swift */,
				22935E292518AAB90001C7A4 /* SceneDelegate.swift */,
				22935E2B2518AAB90001C7A4 /* ViewController.swift */,
				22935E2D2518AAB90001C7A4 /* Main.storyboard */,
				22935E302518AAB90001C7A4 /* Assets.xcassets */,
				22935E322518AAB90001C7A4 /* LaunchScreen.storyboard */,
				22935E352518AAB90001C7A4 /* Info.plist */,
				227E140C25199BB200736F87 /* CollectionCell.swift */,
			);
			path = CollectionView;
			sourceTree = "<group>";
		};
		22935E3D2518AABA0001C7A4 /* CollectionViewTests */ = {
			isa = PBXGroup;
			children = (
				22935E3E2518AABA0001C7A4 /* CollectionViewTests.swift */,
				22935E402518AABA0001C7A4 /* Info.plist */,
			);
			path = CollectionViewTests;
			sourceTree = "<group>";
		};
		22935E482518AABA0001C7A4 /* CollectionViewUITests */ = {
			isa = PBXGroup;
			children = (
				22935E492518AABA0001C7A4 /* CollectionViewUITests.swift */,
				22935E4B2518AABA0001C7A4 /* Info.plist */,
			);
			path = CollectionViewUITests;
			sourceTree = "<group>";
		};
/* End PBXGroup section */

/* Begin PBXNativeTarget section */
		22935E232518AAB90001C7A4 /* CollectionView */ = {
			isa = PBXNativeTarget;
			buildConfigurationList = 22935E4E2518AABA0001C7A4 /* Build configuration list for PBXNativeTarget "CollectionView" */;
			buildPhases = (
				22935E202518AAB90001C7A4 /* Sources */,
				22935E212518AAB90001C7A4 /* Frameworks */,
				22935E222518AAB90001C7A4 /* Resources */,
			);
			buildRules = (
			);
			dependencies = (
			);
			name = CollectionView;
			productName = CollectionView;
			productReference = 22935E242518AAB90001C7A4 /* CollectionView.app */;
			productType = "com.apple.product-type.application";
		};
		22935E392518AABA0001C7A4 /* CollectionViewTests */ = {
			isa = PBXNativeTarget;
			buildConfigurationList = 22935E512518AABA0001C7A4 /* Build configuration list for PBXNativeTarget "CollectionViewTests" */;
			buildPhases = (
				22935E362518AABA0001C7A4 /* Sources */,
				22935E372518AABA0001C7A4 /* Frameworks */,
				22935E382518AABA0001C7A4 /* Resources */,
			);
			buildRules = (
			);
			dependencies = (
				22935E3C2518AABA0001C7A4 /* PBXTargetDependency */,
			);
			name = CollectionViewTests;
			productName = CollectionViewTests;
			productReference = 22935E3A2518AABA0001C7A4 /* CollectionViewTests.xctest */;
			productType = "com.apple.product-type.bundle.unit-test";
		};
		22935E442518AABA0001C7A4 /* CollectionViewUITests */ = {
			isa = PBXNativeTarget;
			buildConfigurationList = 22935E542518AABA0001C7A4 /* Build configuration list for PBXNativeTarget "CollectionViewUITests" */;
			buildPhases = (
				22935E412518AABA0001C7A4 /* Sources */,
				22935E422518AABA0001C7A4 /* Frameworks */,
				22935E432518AABA0001C7A4 /* Resources */,
			);
			buildRules = (
			);
			dependencies = (
				22935E472518AABA0001C7A4 /* PBXTargetDependency */,
			);
			name = CollectionViewUITests;
			productName = CollectionViewUITests;
			productReference = 22935E452518AABA0001C7A4 /* CollectionViewUITests.xctest */;
			productType = "com.apple.product-type.bundle.ui-testing";
		};
/* End PBXNativeTarget section */

/* Begin PBXProject section */
		22935E1C2518AAB90001C7A4 /* Project object */ = {
			isa = PBXProject;
			attributes = {
				LastSwiftUpdateCheck = 1200;
				LastUpgradeCheck = 1200;
				TargetAttributes = {
					22935E232518AAB90001C7A4 = {
						CreatedOnToolsVersion = 12.0;
					};
					22935E392518AABA0001C7A4 = {
						CreatedOnToolsVersion = 12.0;
						TestTargetID = 22935E232518AAB90001C7A4;
					};
					22935E442518AABA0001C7A4 = {
						CreatedOnToolsVersion = 12.0;
						TestTargetID = 22935E232518AAB90001C7A4;
					};
				};
			};
			buildConfigurationList = 22935E1F2518AAB90001C7A4 /* Build configuration list for PBXProject "CollectionView" */;
			compatibilityVersion = "Xcode 9.3";
			developmentRegion = en;
			hasScannedForEncodings = 0;
			knownRegions = (
				en,
				Base,
			);
			mainGroup = 22935E1B2518AAB90001C7A4;
			productRefGroup = 22935E252518AAB90001C7A4 /* Products */;
			projectDirPath = "";
			projectRoot = "";
			targets = (
				22935E232518AAB90001C7A4 /* CollectionView */,
				22935E392518AABA0001C7A4 /* CollectionViewTests */,
				22935E442518AABA0001C7A4 /* CollectionViewUITests */,
			);
		};
/* End PBXProject section */

/* Begin PBXResourcesBuildPhase section */
		22935E222518AAB90001C7A4 /* Resources */ = {
			isa = PBXResourcesBuildPhase;
			buildActionMask = 2147483647;
			files = (
				22935E342518AAB90001C7A4 /* LaunchScreen.storyboard in Resources */,
				22935E312518AAB90001C7A4 /* Assets.xcassets in Resources */,
				22935E2F2518AAB90001C7A4 /* Main.storyboard in Resources */,
			);
			runOnlyForDeploymentPostprocessing = 0;
		};
		22935E382518AABA0001C7A4 /* Resources */ = {
			isa = PBXResourcesBuildPhase;
			buildActionMask = 2147483647;
			files = (
			);
			runOnlyForDeploymentPostprocessing = 0;
		};
		22935E432518AABA0001C7A4 /* Resources */ = {
			isa = PBXResourcesBuildPhase;
			buildActionMask = 2147483647;
			files = (
			);
			runOnlyForDeploymentPostprocessing = 0;
		};
/* End PBXResourcesBuildPhase section */

/* Begin PBXSourcesBuildPhase section */
		22935E202518AAB90001C7A4 /* Sources */ = {
			isa = PBXSourcesBuildPhase;
			buildActionMask = 2147483647;
			files = (
				22935E2C2518AAB90001C7A4 /* ViewController.swift in Sources */,
				22935E282518AAB90001C7A4 /* AppDelegate.swift in Sources */,
				22935E2A2518AAB90001C7A4 /* SceneDelegate.swift in Sources */,
				227E140D25199BB200736F87 /* CollectionCell.swift in Sources */,
			);
			runOnlyForDeploymentPostprocessing = 0;
		};
		22935E362518AABA0001C7A4 /* Sources */ = {
			isa = PBXSourcesBuildPhase;
			buildActionMask = 2147483647;
			files = (
				22935E3F2518AABA0001C7A4 /* CollectionViewTests.swift in Sources */,
			);
			runOnlyForDeploymentPostprocessing = 0;
		};
		22935E412518AABA0001C7A4 /* Sources */ = {
			isa = PBXSourcesBuildPhase;
			buildActionMask = 2147483647;
			files = (
				22935E4A2518AABA0001C7A4 /* CollectionViewUITests.swift in Sources */,
			);
			runOnlyForDeploymentPostprocessing = 0;
		};
/* End PBXSourcesBuildPhase section */

/* Begin PBXTargetDependency section */
		22935E3C2518AABA0001C7A4 /* PBXTargetDependency */ = {
			isa = PBXTargetDependency;
			target = 22935E232518AAB90001C7A4 /* CollectionView */;
			targetProxy = 22935E3B2518AABA0001C7A4 /* PBXContainerItemProxy */;
		};
		22935E472518AABA0001C7A4 /* PBXTargetDependency */ = {
			isa = PBXTargetDependency;
			target = 22935E232518AAB90001C7A4 /* CollectionView */;
			targetProxy = 22935E462518AABA0001C7A4 /* PBXContainerItemProxy */;
		};
/* End PBXTargetDependency section */

/* Begin PBXVariantGroup section */
		22935E2D2518AAB90001C7A4 /* Main.storyboard */ = {
			isa = PBXVariantGroup;
			children = (
				22935E2E2518AAB90001C7A4 /* Base */,
			);
			name = Main.storyboard;
			sourceTree = "<group>";
		};
		22935E322518AAB90001C7A4 /* LaunchScreen.storyboard */ = {
			isa = PBXVariantGroup;
			children = (
				22935E332518AAB90001C7A4 /* Base */,
			);
			name = LaunchScreen.storyboard;
			sourceTree = "<group>";
		};
/* End PBXVariantGroup section */

/* Begin XCBuildConfiguration section */
		22935E4C2518AABA0001C7A4 /* Debug */ = {
			isa = XCBuildConfiguration;
			buildSettings = {
				ALWAYS_SEARCH_USER_PATHS = NO;
				CLANG_ANALYZER_NONNULL = YES;
				CLANG_ANALYZER_NUMBER_OBJECT_CONVERSION = YES_AGGRESSIVE;
				CLANG_CXX_LANGUAGE_STANDARD = "gnu++14";
				CLANG_CXX_LIBRARY = "libc++";
				CLANG_ENABLE_MODULES = YES;
				CLANG_ENABLE_OBJC_ARC = YES;
				CLANG_ENABLE_OBJC_WEAK = YES;
				CLANG_WARN_BLOCK_CAPTURE_AUTORELEASING = YES;
				CLANG_WARN_BOOL_CONVERSION = YES;
				CLANG_WARN_COMMA = YES;
				CLANG_WARN_CONSTANT_CONVERSION = YES;
				CLANG_WARN_DEPRECATED_OBJC_IMPLEMENTATIONS = YES;
				CLANG_WARN_DIRECT_OBJC_ISA_USAGE = YES_ERROR;
				CLANG_WARN_DOCUMENTATION_COMMENTS = YES;
				CLANG_WARN_EMPTY_BODY = YES;
				CLANG_WARN_ENUM_CONVERSION = YES;
				CLANG_WARN_INFINITE_RECURSION = YES;
				CLANG_WARN_INT_CONVERSION = YES;
				CLANG_WARN_NON_LITERAL_NULL_CONVERSION = YES;
				CLANG_WARN_OBJC_IMPLICIT_RETAIN_SELF = YES;
				CLANG_WARN_OBJC_LITERAL_CONVERSION = YES;
				CLANG_WARN_OBJC_ROOT_CLASS = YES_ERROR;
				CLANG_WARN_QUOTED_INCLUDE_IN_FRAMEWORK_HEADER = YES;
				CLANG_WARN_RANGE_LOOP_ANALYSIS = YES;
				CLANG_WARN_STRICT_PROTOTYPES = YES;
				CLANG_WARN_SUSPICIOUS_MOVE = YES;
				CLANG_WARN_UNGUARDED_AVAILABILITY = YES_AGGRESSIVE;
				CLANG_WARN_UNREACHABLE_CODE = YES;
				CLANG_WARN__DUPLICATE_METHOD_MATCH = YES;
				COPY_PHASE_STRIP = NO;
				DEBUG_INFORMATION_FORMAT = dwarf;
				ENABLE_STRICT_OBJC_MSGSEND = YES;
				ENABLE_TESTABILITY = YES;
				GCC_C_LANGUAGE_STANDARD = gnu11;
				GCC_DYNAMIC_NO_PIC = NO;
				GCC_NO_COMMON_BLOCKS = YES;
				GCC_OPTIMIZATION_LEVEL = 0;
				GCC_PREPROCESSOR_DEFINITIONS = (
					"DEBUG=1",
					"$(inherited)",
				);
				GCC_WARN_64_TO_32_BIT_CONVERSION = YES;
				GCC_WARN_ABOUT_RETURN_TYPE = YES_ERROR;
				GCC_WARN_UNDECLARED_SELECTOR = YES;
				GCC_WARN_UNINITIALIZED_AUTOS = YES_AGGRESSIVE;
				GCC_WARN_UNUSED_FUNCTION = YES;
				GCC_WARN_UNUSED_VARIABLE = YES;
				IPHONEOS_DEPLOYMENT_TARGET = 14.0;
				MTL_ENABLE_DEBUG_INFO = INCLUDE_SOURCE;
				MTL_FAST_MATH = YES;
				ONLY_ACTIVE_ARCH = YES;
				SDKROOT = iphoneos;
				SWIFT_ACTIVE_COMPILATION_CONDITIONS = DEBUG;
				SWIFT_OPTIMIZATION_LEVEL = "-Onone";
			};
			name = Debug;
		};
		22935E4D2518AABA0001C7A4 /* Release */ = {
			isa = XCBuildConfiguration;
			buildSettings = {
				ALWAYS_SEARCH_USER_PATHS = NO;
				CLANG_ANALYZER_NONNULL = YES;
				CLANG_ANALYZER_NUMBER_OBJECT_CONVERSION = YES_AGGRESSIVE;
				CLANG_CXX_LANGUAGE_STANDARD = "gnu++14";
				CLANG_CXX_LIBRARY = "libc++";
				CLANG_ENABLE_MODULES = YES;
				CLANG_ENABLE_OBJC_ARC = YES;
				CLANG_ENABLE_OBJC_WEAK = YES;
				CLANG_WARN_BLOCK_CAPTURE_AUTORELEASING = YES;
				CLANG_WARN_BOOL_CONVERSION = YES;
				CLANG_WARN_COMMA = YES;
				CLANG_WARN_CONSTANT_CONVERSION = YES;
				CLANG_WARN_DEPRECATED_OBJC_IMPLEMENTATIONS = YES;
				CLANG_WARN_DIRECT_OBJC_ISA_USAGE = YES_ERROR;
				CLANG_WARN_DOCUMENTATION_COMMENTS = YES;
				CLANG_WARN_EMPTY_BODY = YES;
				CLANG_WARN_ENUM_CONVERSION = YES;
				CLANG_WARN_INFINITE_RECURSION = YES;
				CLANG_WARN_INT_CONVERSION = YES;
				CLANG_WARN_NON_LITERAL_NULL_CONVERSION = YES;
				CLANG_WARN_OBJC_IMPLICIT_RETAIN_SELF = YES;
				CLANG_WARN_OBJC_LITERAL_CONVERSION = YES;
				CLANG_WARN_OBJC_ROOT_CLASS = YES_ERROR;
				CLANG_WARN_QUOTED_INCLUDE_IN_FRAMEWORK_HEADER = YES;
				CLANG_WARN_RANGE_LOOP_ANALYSIS = YES;
				CLANG_WARN_STRICT_PROTOTYPES = YES;
				CLANG_WARN_SUSPICIOUS_MOVE = YES;
				CLANG_WARN_UNGUARDED_AVAILABILITY = YES_AGGRESSIVE;
				CLANG_WARN_UNREACHABLE_CODE = YES;
				CLANG_WARN__DUPLICATE_METHOD_MATCH = YES;
				COPY_PHASE_STRIP = NO;
				DEBUG_INFORMATION_FORMAT = "dwarf-with-dsym";
				ENABLE_NS_ASSERTIONS = NO;
				ENABLE_STRICT_OBJC_MSGSEND = YES;
				GCC_C_LANGUAGE_STANDARD = gnu11;
				GCC_NO_COMMON_BLOCKS = YES;
				GCC_WARN_64_TO_32_BIT_CONVERSION = YES;
				GCC_WARN_ABOUT_RETURN_TYPE = YES_ERROR;
				GCC_WARN_UNDECLARED_SELECTOR = YES;
				GCC_WARN_UNINITIALIZED_AUTOS = YES_AGGRESSIVE;
				GCC_WARN_UNUSED_FUNCTION = YES;
				GCC_WARN_UNUSED_VARIABLE = YES;
				IPHONEOS_DEPLOYMENT_TARGET = 14.0;
				MTL_ENABLE_DEBUG_INFO = NO;
				MTL_FAST_MATH = YES;
				SDKROOT = iphoneos;
				SWIFT_COMPILATION_MODE = wholemodule;
				SWIFT_OPTIMIZATION_LEVEL = "-O";
				VALIDATE_PRODUCT = YES;
			};
			name = Release;
		};
		22935E4F2518AABA0001C7A4 /* Debug */ = {
			isa = XCBuildConfiguration;
			buildSettings = {
				ASSETCATALOG_COMPILER_APPICON_NAME = AppIcon;
				ASSETCATALOG_COMPILER_GLOBAL_ACCENT_COLOR_NAME = AccentColor;
				CODE_SIGN_STYLE = Automatic;
				DEVELOPMENT_TEAM = B3669PMV4C;
				INFOPLIST_FILE = CollectionView/Info.plist;
				LD_RUNPATH_SEARCH_PATHS = (
					"$(inherited)",
					"@executable_path/Frameworks",
				);
				PRODUCT_BUNDLE_IDENTIFIER = com.stu.CollectionView;
				PRODUCT_NAME = "$(TARGET_NAME)";
				SWIFT_VERSION = 5.0;
				TARGETED_DEVICE_FAMILY = "1,2";
			};
			name = Debug;
		};
		22935E502518AABA0001C7A4 /* Release */ = {
			isa = XCBuildConfiguration;
			buildSettings = {
				ASSETCATALOG_COMPILER_APPICON_NAME = AppIcon;
				ASSETCATALOG_COMPILER_GLOBAL_ACCENT_COLOR_NAME = AccentColor;
				CODE_SIGN_STYLE = Automatic;
				DEVELOPMENT_TEAM = B3669PMV4C;
				INFOPLIST_FILE = CollectionView/Info.plist;
				LD_RUNPATH_SEARCH_PATHS = (
					"$(inherited)",
					"@executable_path/Frameworks",
				);
				PRODUCT_BUNDLE_IDENTIFIER = com.stu.CollectionView;
				PRODUCT_NAME = "$(TARGET_NAME)";
				SWIFT_VERSION = 5.0;
				TARGETED_DEVICE_FAMILY = "1,2";
			};
			name = Release;
		};
		22935E522518AABA0001C7A4 /* Debug */ = {
			isa = XCBuildConfiguration;
			buildSettings = {
				ALWAYS_EMBED_SWIFT_STANDARD_LIBRARIES = YES;
				BUNDLE_LOADER = "$(TEST_HOST)";
				CODE_SIGN_STYLE = Automatic;
				DEVELOPMENT_TEAM = B3669PMV4C;
				INFOPLIST_FILE = CollectionViewTests/Info.plist;
				IPHONEOS_DEPLOYMENT_TARGET = 14.0;
				LD_RUNPATH_SEARCH_PATHS = (
					"$(inherited)",
					"@executable_path/Frameworks",
					"@loader_path/Frameworks",
				);
				PRODUCT_BUNDLE_IDENTIFIER = com.stu.CollectionViewTests;
				PRODUCT_NAME = "$(TARGET_NAME)";
				SWIFT_VERSION = 5.0;
				TARGETED_DEVICE_FAMILY = "1,2";
				TEST_HOST = "$(BUILT_PRODUCTS_DIR)/CollectionView.app/CollectionView";
			};
			name = Debug;
		};
		22935E532518AABA0001C7A4 /* Release */ = {
			isa = XCBuildConfiguration;
			buildSettings = {
				ALWAYS_EMBED_SWIFT_STANDARD_LIBRARIES = YES;
				BUNDLE_LOADER = "$(TEST_HOST)";
				CODE_SIGN_STYLE = Automatic;
				DEVELOPMENT_TEAM = B3669PMV4C;
				INFOPLIST_FILE = CollectionViewTests/Info.plist;
				IPHONEOS_DEPLOYMENT_TARGET = 14.0;
				LD_RUNPATH_SEARCH_PATHS = (
					"$(inherited)",
					"@executable_path/Frameworks",
					"@loader_path/Frameworks",
				);
				PRODUCT_BUNDLE_IDENTIFIER = com.stu.CollectionViewTests;
				PRODUCT_NAME = "$(TARGET_NAME)";
				SWIFT_VERSION = 5.0;
				TARGETED_DEVICE_FAMILY = "1,2";
				TEST_HOST = "$(BUILT_PRODUCTS_DIR)/CollectionView.app/CollectionView";
			};
			name = Release;
		};
		22935E552518AABA0001C7A4 /* Debug */ = {
			isa = XCBuildConfiguration;
			buildSettings = {
				ALWAYS_EMBED_SWIFT_STANDARD_LIBRARIES = YES;
				CODE_SIGN_STYLE = Automatic;
				DEVELOPMENT_TEAM = B3669PMV4C;
				INFOPLIST_FILE = CollectionViewUITests/Info.plist;
				LD_RUNPATH_SEARCH_PATHS = (
					"$(inherited)",
					"@executable_path/Frameworks",
					"@loader_path/Frameworks",
				);
				PRODUCT_BUNDLE_IDENTIFIER = com.stu.CollectionViewUITests;
				PRODUCT_NAME = "$(TARGET_NAME)";
				SWIFT_VERSION = 5.0;
				TARGETED_DEVICE_FAMILY = "1,2";
				TEST_TARGET_NAME = CollectionView;
			};
			name = Debug;
		};
		22935E562518AABA0001C7A4 /* Release */ = {
			isa = XCBuildConfiguration;
			buildSettings = {
				ALWAYS_EMBED_SWIFT_STANDARD_LIBRARIES = YES;
				CODE_SIGN_STYLE = Automatic;
				DEVELOPMENT_TEAM = B3669PMV4C;
				INFOPLIST_FILE = CollectionViewUITests/Info.plist;
				LD_RUNPATH_SEARCH_PATHS = (
					"$(inherited)",
					"@executable_path/Frameworks",
					"@loader_path/Frameworks",
				);
				PRODUCT_BUNDLE_IDENTIFIER = com.stu.CollectionViewUITests;
				PRODUCT_NAME = "$(TARGET_NAME)";
				SWIFT_VERSION = 5.0;
				TARGETED_DEVICE_FAMILY = "1,2";
				TEST_TARGET_NAME = CollectionView;
			};
			name = Release;
		};
/* End XCBuildConfiguration section */

/* Begin XCConfigurationList section */
		22935E1F2518AAB90001C7A4 /* Build configuration list for PBXProject "CollectionView" */ = {
			isa = XCConfigurationList;
			buildConfigurations = (
				22935E4C2518AABA0001C7A4 /* Debug */,
				22935E4D2518AABA0001C7A4 /* Release */,
			);
			defaultConfigurationIsVisible = 0;
			defaultConfigurationName = Release;
		};
		22935E4E2518AABA0001C7A4 /* Build configuration list for PBXNativeTarget "CollectionView" */ = {
			isa = XCConfigurationList;
			buildConfigurations = (
				22935E4F2518AABA0001C7A4 /* Debug */,
				22935E502518AABA0001C7A4 /* Release */,
			);
			defaultConfigurationIsVisible = 0;
			defaultConfigurationName = Release;
		};
		22935E512518AABA0001C7A4 /* Build configuration list for PBXNativeTarget "CollectionViewTests" */ = {
			isa = XCConfigurationList;
			buildConfigurations = (
				22935E522518AABA0001C7A4 /* Debug */,
				22935E532518AABA0001C7A4 /* Release */,
			);
			defaultConfigurationIsVisible = 0;
			defaultConfigurationName = Release;
		};
		22935E542518AABA0001C7A4 /* Build configuration list for PBXNativeTarget "CollectionViewUITests" */ = {
			isa = XCConfigurationList;
			buildConfigurations = (
				22935E552518AABA0001C7A4 /* Debug */,
				22935E562518AABA0001C7A4 /* Release */,
			);
			defaultConfigurationIsVisible = 0;
			defaultConfigurationName = Release;
		};
/* End XCConfigurationList section */
	};
	rootObject = 22935E1C2518AAB90001C7A4 /* Project object */;
}
